// !$*UTF8*$!
{
	archiveVersion = 1;
	classes = {
	};
	objectVersion = 56;
	objects = {

/* Begin PBXBuildFile section */
		356D9B6439354AEFAA46A99B /* bary_headshot.jpeg in Resources */ = {isa = PBXBuildFile; fileRef = 1C99563474D24779AEF138B9 /* bary_headshot.jpeg */; };
		A1111111111111111111111A /* VisualAgentApp.swift in Sources */ = {isa = PBXBuildFile; fileRef = A1111111111111111111111B /* VisualAgentApp.swift */; };
		A2222222222222222222222A /* ContentView.swift in Sources */ = {isa = PBXBuildFile; fileRef = A2222222222222222222222B /* ContentView.swift */; };
		A3333333333333333333333A /* ScreenMonitor.swift in Sources */ = {isa = PBXBuildFile; fileRef = A3333333333333333333333B /* ScreenMonitor.swift */; };
		A4444444444444444444444A /* DatabaseManager.swift in Sources */ = {isa = PBXBuildFile; fileRef = A4444444444444444444444B /* DatabaseManager.swift */; };
		C1111111111111111111111A /* ScreenCaptureManager.swift in Sources */ = {isa = PBXBuildFile; fileRef = C1111111111111111111111B /* ScreenCaptureManager.swift */; };
		C2222222222222222222222A /* VisionTextExtractor.swift in Sources */ = {isa = PBXBuildFile; fileRef = C2222222222222222222222B /* VisionTextExtractor.swift */; };
		C3333333333333333333333A /* AccessibilityAnalyzer.swift in Sources */ = {isa = PBXBuildFile; fileRef = C3333333333333333333333B /* AccessibilityAnalyzer.swift */; };
		C4444444444444444444444A /* ContextStreamManager.swift in Sources */ = {isa = PBXBuildFile; fileRef = C4444444444444444444444B /* ContextStreamManager.swift */; };
		C5555555555555555555555A /* ActionWindowView.swift in Sources */ = {isa = PBXBuildFile; fileRef = C5555555555555555555555B /* ActionWindowView.swift */; };
		B64968864569428F8CD4D5AE /* tian_headshot.jpeg in Resources */ = {isa = PBXBuildFile; fileRef = 2F053DFA76744333B49DB2CA /* tian_headshot.jpeg */; };
		D1111111111111111111111A /* NotificationCenterObserver.swift in Sources */ = {isa = PBXBuildFile; fileRef = D1111111111111111111111B /* NotificationCenterObserver.swift */; };
		D2222222222222222222222A /* NotificationParser.swift in Sources */ = {isa = PBXBuildFile; fileRef = D2222222222222222222222B /* NotificationParser.swift */; };
		D3333333333333333333333A /* MessageAttachmentWatcher.swift in Sources */ = {isa = PBXBuildFile; fileRef = D3333333333333333333333B /* MessageAttachmentWatcher.swift */; };
		D4444444444444444444444A /* MessageProcessor.swift in Sources */ = {isa = PBXBuildFile; fileRef = D4444444444444444444444B /* MessageProcessor.swift */; };
		D5555555555555555555555A /* MessageResponder.swift in Sources */ = {isa = PBXBuildFile; fileRef = D5555555555555555555555B /* MessageResponder.swift */; };
		E1111111111111111111111A /* AppSettings.swift in Sources */ = {isa = PBXBuildFile; fileRef = E1111111111111111111111B /* AppSettings.swift */; };
		E2222222222222222222222A /* SettingsView.swift in Sources */ = {isa = PBXBuildFile; fileRef = E2222222222222222222222B /* SettingsView.swift */; };
/* End PBXBuildFile section */

/* Begin PBXFileReference section */
		1C99563474D24779AEF138B9 /* bary_headshot.jpeg */ = {isa = PBXFileReference; lastKnownFileType = image.jpeg; path = bary_headshot.jpeg; sourceTree = "<group>"; };
		2F053DFA76744333B49DB2CA /* tian_headshot.jpeg */ = {isa = PBXFileReference; lastKnownFileType = image.jpeg; path = tian_headshot.jpeg; sourceTree = "<group>"; };
		A0000000000000000000000A /* VisualAgent.app */ = {isa = PBXFileReference; explicitFileType = wrapper.application; includeInIndex = 0; path = VisualAgent.app; sourceTree = BUILT_PRODUCTS_DIR; };
		A1111111111111111111111B /* VisualAgentApp.swift */ = {isa = PBXFileReference; lastKnownFileType = sourcecode.swift; path = VisualAgentApp.swift; sourceTree = "<group>"; };
		A2222222222222222222222B /* ContentView.swift */ = {isa = PBXFileReference; lastKnownFileType = sourcecode.swift; path = ContentView.swift; sourceTree = "<group>"; };
		A3333333333333333333333B /* ScreenMonitor.swift */ = {isa = PBXFileReference; lastKnownFileType = sourcecode.swift; path = ScreenMonitor.swift; sourceTree = "<group>"; };
		A4444444444444444444444B /* DatabaseManager.swift */ = {isa = PBXFileReference; lastKnownFileType = sourcecode.swift; path = DatabaseManager.swift; sourceTree = "<group>"; };
		C1111111111111111111111B /* ScreenCaptureManager.swift */ = {isa = PBXFileReference; lastKnownFileType = sourcecode.swift; path = ScreenCaptureManager.swift; sourceTree = "<group>"; };
		C2222222222222222222222B /* VisionTextExtractor.swift */ = {isa = PBXFileReference; lastKnownFileType = sourcecode.swift; path = VisionTextExtractor.swift; sourceTree = "<group>"; };
		C3333333333333333333333B /* AccessibilityAnalyzer.swift */ = {isa = PBXFileReference; lastKnownFileType = sourcecode.swift; path = AccessibilityAnalyzer.swift; sourceTree = "<group>"; };
		C4444444444444444444444B /* ContextStreamManager.swift */ = {isa = PBXFileReference; lastKnownFileType = sourcecode.swift; path = ContextStreamManager.swift; sourceTree = "<group>"; };
		C5555555555555555555555B /* ActionWindowView.swift */ = {isa = PBXFileReference; lastKnownFileType = sourcecode.swift; path = ActionWindowView.swift; sourceTree = "<group>"; };
		D1111111111111111111111B /* NotificationCenterObserver.swift */ = {isa = PBXFileReference; lastKnownFileType = sourcecode.swift; path = NotificationCenterObserver.swift; sourceTree = "<group>"; };
		D2222222222222222222222B /* NotificationParser.swift */ = {isa = PBXFileReference; lastKnownFileType = sourcecode.swift; path = NotificationParser.swift; sourceTree = "<group>"; };
		D3333333333333333333333B /* MessageAttachmentWatcher.swift */ = {isa = PBXFileReference; lastKnownFileType = sourcecode.swift; path = MessageAttachmentWatcher.swift; sourceTree = "<group>"; };
		D4444444444444444444444B /* MessageProcessor.swift */ = {isa = PBXFileReference; lastKnownFileType = sourcecode.swift; path = MessageProcessor.swift; sourceTree = "<group>"; };
		D5555555555555555555555B /* MessageResponder.swift */ = {isa = PBXFileReference; lastKnownFileType = sourcecode.swift; path = MessageResponder.swift; sourceTree = "<group>"; };
		E1111111111111111111111B /* AppSettings.swift */ = {isa = PBXFileReference; lastKnownFileType = sourcecode.swift; path = AppSettings.swift; sourceTree = "<group>"; };
		E2222222222222222222222B /* SettingsView.swift */ = {isa = PBXFileReference; lastKnownFileType = sourcecode.swift; path = SettingsView.swift; sourceTree = "<group>"; };
		A5555555555555555555555B /* VisualAgent.entitlements */ = {isa = PBXFileReference; lastKnownFileType = text.plist.entitlements; path = VisualAgent.entitlements; sourceTree = "<group>"; };
		A6666666666666666666666B /* Info.plist */ = {isa = PBXFileReference; lastKnownFileType = text.plist.xml; path = Info.plist; sourceTree = "<group>"; };
/* End PBXFileReference section */

/* Begin PBXFrameworksBuildPhase section */
		A7777777777777777777777A /* Frameworks */ = {
			isa = PBXFrameworksBuildPhase;
			buildActionMask = 2147483647;
			files = (
			);
			runOnlyForDeploymentPostprocessing = 0;
		};
/* End PBXFrameworksBuildPhase section */

/* Begin PBXGroup section */
		A8888888888888888888888A = {
			isa = PBXGroup;
			children = (
				A9999999999999999999999A /* VisualAgent */,
				AAAAAAAAAAAAAAAAAAAAAA0A /* Products */,
			);
			sourceTree = "<group>";
		};
		AAAAAAAAAAAAAAAAAAAAAA0A /* Products */ = {
			isa = PBXGroup;
			children = (
				A0000000000000000000000A /* VisualAgent.app */,
			);
			name = Products;
			sourceTree = "<group>";
		};
		A9999999999999999999999A /* VisualAgent */ = {
			isa = PBXGroup;
			children = (
				A1111111111111111111111B /* VisualAgentApp.swift */,
				A2222222222222222222222B /* ContentView.swift */,
				A3333333333333333333333B /* ScreenMonitor.swift */,
				A4444444444444444444444B /* DatabaseManager.swift */,
				C1111111111111111111111B /* ScreenCaptureManager.swift */,
				C2222222222222222222222B /* VisionTextExtractor.swift */,
				C3333333333333333333333B /* AccessibilityAnalyzer.swift */,
				C4444444444444444444444B /* ContextStreamManager.swift */,
				C5555555555555555555555B /* ActionWindowView.swift */,
				D1111111111111111111111B /* NotificationCenterObserver.swift */,
				D2222222222222222222222B /* NotificationParser.swift */,
				D3333333333333333333333B /* MessageAttachmentWatcher.swift */,
				D4444444444444444444444B /* MessageProcessor.swift */,
				D5555555555555555555555B /* MessageResponder.swift */,
				E1111111111111111111111B /* AppSettings.swift */,
				E2222222222222222222222B /* SettingsView.swift */,
				1C99563474D24779AEF138B9 /* bary_headshot.jpeg */,
				2F053DFA76744333B49DB2CA /* tian_headshot.jpeg */,
				A5555555555555555555555B /* VisualAgent.entitlements */,
				A6666666666666666666666B /* Info.plist */,
			);
			path = VisualAgent;
			sourceTree = "<group>";
		};
/* End PBXGroup section */

/* Begin PBXNativeTarget section */
		ABBBBBBBBBBBBBBBBBBBBBB0 /* VisualAgent */ = {
			isa = PBXNativeTarget;
			buildConfigurationList = ACCCCCCCCCCCCCCCCCCCCCC0 /* Build configuration list for PBXNativeTarget "VisualAgent" */;
			buildPhases = (
				ADDDDDDDDDDDDDDDDDDDDDD0 /* Sources */,
				A7777777777777777777777A /* Frameworks */,
				AEEEEEEEEEEEEEEEEEEEEE0A /* Resources */,
			);
			buildRules = (
			);
			dependencies = (
			);
			name = VisualAgent;
			productName = VisualAgent;
			productReference = A0000000000000000000000A /* WorkBuddy.app */;
			productType = "com.apple.product-type.application";
		};
/* End PBXNativeTarget section */

/* Begin PBXProject section */
		AFFFFFFFFFFFFFFFFFFFFF0A /* Project object */ = {
			isa = PBXProject;
			attributes = {
				BuildIndependentTargetsInParallel = 1;
				LastSwiftUpdateCheck = 1500;
				LastUpgradeCheck = 1500;
				TargetAttributes = {
					ABBBBBBBBBBBBBBBBBBBBBB0 = {
						CreatedOnToolsVersion = 15.0;
					};
				};
			};
			buildConfigurationList = B0000000000000000000000A /* Build configuration list for PBXProject "VisualAgent" */;
			compatibilityVersion = "Xcode 14.0";
			developmentRegion = en;
			hasScannedForEncodings = 0;
			knownRegions = (
				en,
				Base,
			);
			mainGroup = A8888888888888888888888A;
			productRefGroup = AAAAAAAAAAAAAAAAAAAAAA0A /* Products */;
			projectDirPath = "";
			projectRoot = "";
			targets = (
				ABBBBBBBBBBBBBBBBBBBBBB0 /* VisualAgent */,
			);
		};
/* End PBXProject section */

/* Begin PBXResourcesBuildPhase section */
		AEEEEEEEEEEEEEEEEEEEEE0A /* Resources */ = {
			isa = PBXResourcesBuildPhase;
			buildActionMask = 2147483647;
			files = (
				356D9B6439354AEFAA46A99B /* bary_headshot.jpeg in Resources */,
				B64968864569428F8CD4D5AE /* tian_headshot.jpeg in Resources */,
			);
			runOnlyForDeploymentPostprocessing = 0;
		};
/* End PBXResourcesBuildPhase section */

/* Begin PBXSourcesBuildPhase section */
		ADDDDDDDDDDDDDDDDDDDDDD0 /* Sources */ = {
			isa = PBXSourcesBuildPhase;
			buildActionMask = 2147483647;
			files = (
				A2222222222222222222222A /* ContentView.swift in Sources */,
				A3333333333333333333333A /* ScreenMonitor.swift in Sources */,
				A4444444444444444444444A /* DatabaseManager.swift in Sources */,
				A1111111111111111111111A /* VisualAgentApp.swift in Sources */,
				C1111111111111111111111A /* ScreenCaptureManager.swift in Sources */,
				C2222222222222222222222A /* VisionTextExtractor.swift in Sources */,
				C3333333333333333333333A /* AccessibilityAnalyzer.swift in Sources */,
				C4444444444444444444444A /* ContextStreamManager.swift in Sources */,
				C5555555555555555555555A /* ActionWindowView.swift in Sources */,
				D1111111111111111111111A /* NotificationCenterObserver.swift in Sources */,
				D2222222222222222222222A /* NotificationParser.swift in Sources */,
				D3333333333333333333333A /* MessageAttachmentWatcher.swift in Sources */,
				D4444444444444444444444A /* MessageProcessor.swift in Sources */,
				D5555555555555555555555A /* MessageResponder.swift in Sources */,
				E1111111111111111111111A /* AppSettings.swift in Sources */,
				E2222222222222222222222A /* SettingsView.swift in Sources */,
			);
			runOnlyForDeploymentPostprocessing = 0;
		};
/* End PBXSourcesBuildPhase section */

/* Begin XCBuildConfiguration section */
		B1111111111111111111111A /* Debug */ = {
			isa = XCBuildConfiguration;
			buildSettings = {
				ALWAYS_SEARCH_USER_PATHS = NO;
				ASSETCATALOG_COMPILER_GENERATE_SWIFT_ASSET_SYMBOL_EXTENSIONS = YES;
				CLANG_ANALYZER_NONNULL = YES;
				CLANG_ANALYZER_NUMBER_OBJECT_CONVERSION = YES_AGGRESSIVE;
				CLANG_CXX_LANGUAGE_STANDARD = "gnu++20";
				CLANG_ENABLE_MODULES = YES;
				CLANG_ENABLE_OBJC_ARC = YES;
				CLANG_ENABLE_OBJC_WEAK = YES;
				CLANG_WARN_BLOCK_CAPTURE_AUTORELEASING = YES;
				CLANG_WARN_BOOL_CONVERSION = YES;
				CLANG_WARN_COMMA = YES;
				CLANG_WARN_CONSTANT_CONVERSION = YES;
				CLANG_WARN_DEPRECATED_OBJC_IMPLEMENTATIONS = YES;
				CLANG_WARN_DIRECT_OBJC_ISA_USAGE = YES_ERROR;
				CLANG_WARN_DOCUMENTATION_COMMENTS = YES;
				CLANG_WARN_EMPTY_BODY = YES;
				CLANG_WARN_ENUM_CONVERSION = YES;
				CLANG_WARN_INFINITE_RECURSION = YES;
				CLANG_WARN_INT_CONVERSION = YES;
				CLANG_WARN_NON_LITERAL_NULL_CONVERSION = YES;
				CLANG_WARN_OBJC_IMPLICIT_RETAIN_SELF = YES;
				CLANG_WARN_OBJC_LITERAL_CONVERSION = YES;
				CLANG_WARN_OBJC_ROOT_CLASS = YES_ERROR;
				CLANG_WARN_QUOTED_INCLUDE_IN_FRAMEWORK_HEADER = YES;
				CLANG_WARN_RANGE_LOOP_ANALYSIS = YES;
				CLANG_WARN_STRICT_PROTOTYPES = YES;
				CLANG_WARN_SUSPICIOUS_MOVE = YES;
				CLANG_WARN_UNGUARDED_AVAILABILITY = YES_AGGRESSIVE;
				CLANG_WARN_UNREACHABLE_CODE = YES;
				CLANG_WARN__DUPLICATE_METHOD_MATCH = YES;
				COPY_PHASE_STRIP = NO;
				DEBUG_INFORMATION_FORMAT = dwarf;
				ENABLE_STRICT_OBJC_MSGSEND = YES;
				ENABLE_TESTABILITY = YES;
				ENABLE_USER_SCRIPT_SANDBOXING = YES;
				GCC_C_LANGUAGE_STANDARD = gnu17;
				GCC_DYNAMIC_NO_PIC = NO;
				GCC_NO_COMMON_BLOCKS = YES;
				GCC_OPTIMIZATION_LEVEL = 0;
				GCC_PREPROCESSOR_DEFINITIONS = (
					"DEBUG=1",
					"$(inherited)",
				);
				GCC_WARN_64_TO_32_BIT_CONVERSION = YES;
				GCC_WARN_ABOUT_RETURN_TYPE = YES_ERROR;
				GCC_WARN_UNDECLARED_SELECTOR = YES;
				GCC_WARN_UNINITIALIZED_AUTOS = YES_AGGRESSIVE;
				GCC_WARN_UNUSED_FUNCTION = YES;
				GCC_WARN_UNUSED_VARIABLE = YES;
				LOCALIZATION_PREFERS_STRING_CATALOGS = YES;
				MACOSX_DEPLOYMENT_TARGET = 14.0;
				MTL_ENABLE_DEBUG_INFO = INCLUDE_SOURCE;
				MTL_FAST_MATH = YES;
				ONLY_ACTIVE_ARCH = YES;
				SDKROOT = macosx;
				SWIFT_ACTIVE_COMPILATION_CONDITIONS = "DEBUG $(inherited)";
				SWIFT_OPTIMIZATION_LEVEL = "-Onone";
			};
			name = Debug;
		};
		B2222222222222222222222A /* Release */ = {
			isa = XCBuildConfiguration;
			buildSettings = {
				ALWAYS_SEARCH_USER_PATHS = NO;
				ASSETCATALOG_COMPILER_GENERATE_SWIFT_ASSET_SYMBOL_EXTENSIONS = YES;
				CLANG_ANALYZER_NONNULL = YES;
				CLANG_ANALYZER_NUMBER_OBJECT_CONVERSION = YES_AGGRESSIVE;
				CLANG_CXX_LANGUAGE_STANDARD = "gnu++20";
				CLANG_ENABLE_MODULES = YES;
				CLANG_ENABLE_OBJC_ARC = YES;
				CLANG_ENABLE_OBJC_WEAK = YES;
				CLANG_WARN_BLOCK_CAPTURE_AUTORELEASING = YES;
				CLANG_WARN_BOOL_CONVERSION = YES;
				CLANG_WARN_COMMA = YES;
				CLANG_WARN_CONSTANT_CONVERSION = YES;
				CLANG_WARN_DEPRECATED_OBJC_IMPLEMENTATIONS = YES;
				CLANG_WARN_DIRECT_OBJC_ISA_USAGE = YES_ERROR;
				CLANG_WARN_DOCUMENTATION_COMMENTS = YES;
				CLANG_WARN_EMPTY_BODY = YES;
				CLANG_WARN_ENUM_CONVERSION = YES;
				CLANG_WARN_INFINITE_RECURSION = YES;
				CLANG_WARN_INT_CONVERSION = YES;
				CLANG_WARN_NON_LITERAL_NULL_CONVERSION = YES;
				CLANG_WARN_OBJC_IMPLICIT_RETAIN_SELF = YES;
				CLANG_WARN_OBJC_LITERAL_CONVERSION = YES;
				CLANG_WARN_OBJC_ROOT_CLASS = YES_ERROR;
				CLANG_WARN_QUOTED_INCLUDE_IN_FRAMEWORK_HEADER = YES;
				CLANG_WARN_RANGE_LOOP_ANALYSIS = YES;
				CLANG_WARN_STRICT_PROTOTYPES = YES;
				CLANG_WARN_SUSPICIOUS_MOVE = YES;
				CLANG_WARN_UNGUARDED_AVAILABILITY = YES_AGGRESSIVE;
				CLANG_WARN_UNREACHABLE_CODE = YES;
				CLANG_WARN__DUPLICATE_METHOD_MATCH = YES;
				COPY_PHASE_STRIP = NO;
				DEBUG_INFORMATION_FORMAT = "dwarf-with-dsym";
				ENABLE_NS_ASSERTIONS = NO;
				ENABLE_STRICT_OBJC_MSGSEND = YES;
				ENABLE_USER_SCRIPT_SANDBOXING = YES;
				GCC_C_LANGUAGE_STANDARD = gnu17;
				GCC_NO_COMMON_BLOCKS = YES;
				GCC_WARN_64_TO_32_BIT_CONVERSION = YES;
				GCC_WARN_ABOUT_RETURN_TYPE = YES_ERROR;
				GCC_WARN_UNDECLARED_SELECTOR = YES;
				GCC_WARN_UNINITIALIZED_AUTOS = YES_AGGRESSIVE;
				GCC_WARN_UNUSED_FUNCTION = YES;
				GCC_WARN_UNUSED_VARIABLE = YES;
				LOCALIZATION_PREFERS_STRING_CATALOGS = YES;
				MACOSX_DEPLOYMENT_TARGET = 14.0;
				MTL_ENABLE_DEBUG_INFO = NO;
				MTL_FAST_MATH = YES;
				SDKROOT = macosx;
				SWIFT_COMPILATION_MODE = wholemodule;
			};
			name = Release;
		};
		B3333333333333333333333A /* Debug */ = {
			isa = XCBuildConfiguration;
			buildSettings = {
				ASSETCATALOG_COMPILER_APPICON_NAME = AppIcon;
				ASSETCATALOG_COMPILER_GLOBAL_ACCENT_COLOR_NAME = AccentColor;
				CODE_SIGN_ENTITLEMENTS = VisualAgent/VisualAgent.entitlements;
				CODE_SIGN_STYLE = Automatic;
				COMBINE_HIDPI_IMAGES = YES;
				CURRENT_PROJECT_VERSION = 1;
				DEVELOPMENT_TEAM = "";
				ENABLE_HARDENED_RUNTIME = YES;
				ENABLE_PREVIEWS = YES;
				GENERATE_INFOPLIST_FILE = NO;
				INFOPLIST_FILE = VisualAgent/Info.plist;
				INFOPLIST_KEY_NSHumanReadableCopyright = "";
				LD_RUNPATH_SEARCH_PATHS = (
					"$(inherited)",
					"@executable_path/../Frameworks",
				);
				MARKETING_VERSION = 1.0;
				OTHER_LDFLAGS = "-lsqlite3";
				PRODUCT_BUNDLE_IDENTIFIER = com.visualagent.VisualAgent;
				PRODUCT_NAME = "$(TARGET_NAME)";
				SWIFT_EMIT_LOC_STRINGS = YES;
				SWIFT_VERSION = 5.0;
			};
			name = Debug;
		};
		B4444444444444444444444A /* Release */ = {
			isa = XCBuildConfiguration;
			buildSettings = {
				ASSETCATALOG_COMPILER_APPICON_NAME = AppIcon;
				ASSETCATALOG_COMPILER_GLOBAL_ACCENT_COLOR_NAME = AccentColor;
				CODE_SIGN_ENTITLEMENTS = VisualAgent/VisualAgent.entitlements;
				CODE_SIGN_STYLE = Automatic;
				COMBINE_HIDPI_IMAGES = YES;
				CURRENT_PROJECT_VERSION = 1;
				DEVELOPMENT_TEAM = "";
				ENABLE_HARDENED_RUNTIME = YES;
				ENABLE_PREVIEWS = YES;
				GENERATE_INFOPLIST_FILE = NO;
				INFOPLIST_FILE = VisualAgent/Info.plist;
				INFOPLIST_KEY_NSHumanReadableCopyright = "";
				LD_RUNPATH_SEARCH_PATHS = (
					"$(inherited)",
					"@executable_path/../Frameworks",
				);
				MARKETING_VERSION = 1.0;
				OTHER_LDFLAGS = "-lsqlite3";
				PRODUCT_BUNDLE_IDENTIFIER = com.visualagent.VisualAgent;
				PRODUCT_NAME = "$(TARGET_NAME)";
				SWIFT_EMIT_LOC_STRINGS = YES;
				SWIFT_VERSION = 5.0;
			};
			name = Release;
		};
/* End XCBuildConfiguration section */

/* Begin XCConfigurationList section */
		B0000000000000000000000A /* Build configuration list for PBXProject "VisualAgent" */ = {
			isa = XCConfigurationList;
			buildConfigurations = (
				B1111111111111111111111A /* Debug */,
				B2222222222222222222222A /* Release */,
			);
			defaultConfigurationIsVisible = 0;
			defaultConfigurationName = Release;
		};
		ACCCCCCCCCCCCCCCCCCCCCC0 /* Build configuration list for PBXNativeTarget "VisualAgent" */ = {
			isa = XCConfigurationList;
			buildConfigurations = (
				B3333333333333333333333A /* Debug */,
				B4444444444444444444444A /* Release */,
			);
			defaultConfigurationIsVisible = 0;
			defaultConfigurationName = Release;
		};
/* End XCConfigurationList section */
	};
	rootObject = AFFFFFFFFFFFFFFFFFFFFF0A /* Project object */;
}